
Microsoft Visual Studio Solution File, Format Version 12.00
# Visual Studio Version 17
VisualStudioVersion = 17.4.33403.182
MinimumVisualStudioVersion = 10.0.40219.1
Project("{9A19103F-16F7-4668-BE54-9A1E7A4F7556}") = "LineCounter", "LineCounter\LineCounter.csproj", "{1B2DB99C-108E-4DCB-A393-6DA4C39D6258}"
EndProject
Project("{FAE04EC0-301F-11D3-BF4B-00C04F79EFBC}") = "LineCounter.Tests", "LineCounter.Tests\LineCounter.Tests.csproj", "{7604D01B-3A87-4EED-A4EA-D33C6A69F112}"
EndProject
Global
	GlobalSection(SolutionConfigurationPlatforms) = preSolution
		Debug|Any CPU = Debug|Any CPU
		Release|Any CPU = Release|Any CPU
	EndGlobalSection
	GlobalSection(ProjectConfigurationPlatforms) = postSolution
		{1B2DB99C-108E-4DCB-A393-6DA4C39D6258}.Debug|Any CPU.ActiveCfg = Debug|Any CPU
		{1B2DB99C-108E-4DCB-A393-6DA4C39D6258}.Debug|Any CPU.Build.0 = Debug|Any CPU
		{1B2DB99C-108E-4DCB-A393-6DA4C39D6258}.Release|Any CPU.ActiveCfg = Release|Any CPU
		{1B2DB99C-108E-4DCB-A393-6DA4C39D6258}.Release|Any CPU.Build.0 = Release|Any CPU
		{7604D01B-3A87-4EED-A4EA-D33C6A69F112}.Debug|Any CPU.ActiveCfg = Debug|Any CPU
		{7604D01B-3A87-4EED-A4EA-D33C6A69F112}.Debug|Any CPU.Build.0 = Debug|Any CPU
		{7604D01B-3A87-4EED-A4EA-D33C6A69F112}.Release|Any CPU.ActiveCfg = Release|Any CPU
		{7604D01B-3A87-4EED-A4EA-D33C6A69F112}.Release|Any CPU.Build.0 = Release|Any CPU
	EndGlobalSection
	GlobalSection(SolutionProperties) = preSolution
		HideSolutionNode = FALSE
	EndGlobalSection
	GlobalSection(ExtensibilityGlobals) = postSolution
		SolutionGuid = {8CE8EB66-632F-4D81-9DA4-035287609DD7}
	EndGlobalSection
EndGlobal
